
Microsoft Visual Studio Solution File, Format Version 12.00
# Visual Studio 15
Project("{FAE04EC0-301F-11D3-BF4B-00C04F79EFBC}") = "Assembly-CSharp", "Assembly-CSharp.csproj", "{EE0707C1-80C5-490B-B2DA-D0AFD656C500}"
EndProject
Project("{FAE04EC0-301F-11D3-BF4B-00C04F79EFBC}") = "Assembly-CSharp-Editor", "Assembly-CSharp-Editor.csproj", "{FA30D7D8-0C5E-2DBE-995A-0FA31246D277}"
EndProject
Global
	GlobalSection(SolutionConfigurationPlatforms) = preSolution
		Debug|Any CPU = Debug|Any CPU
		Release|Any CPU = Release|Any CPU
	EndGlobalSection
	GlobalSection(ProjectConfigurationPlatforms) = postSolution
		{EE0707C1-80C5-490B-B2DA-D0AFD656C500}.Debug|Any CPU.ActiveCfg = Debug|Any CPU
		{EE0707C1-80C5-490B-B2DA-D0AFD656C500}.Debug|Any CPU.Build.0 = Debug|Any CPU
		{EE0707C1-80C5-490B-B2DA-D0AFD656C500}.Release|Any CPU.ActiveCfg = Release|Any CPU
		{EE0707C1-80C5-490B-B2DA-D0AFD656C500}.Release|Any CPU.Build.0 = Release|Any CPU
		{FA30D7D8-0C5E-2DBE-995A-0FA31246D277}.Debug|Any CPU.ActiveCfg = Debug|Any CPU
		{FA30D7D8-0C5E-2DBE-995A-0FA31246D277}.Debug|Any CPU.Build.0 = Debug|Any CPU
		{FA30D7D8-0C5E-2DBE-995A-0FA31246D277}.Release|Any CPU.ActiveCfg = Release|Any CPU
		{FA30D7D8-0C5E-2DBE-995A-0FA31246D277}.Release|Any CPU.Build.0 = Release|Any CPU
	EndGlobalSection
	GlobalSection(SolutionProperties) = preSolution
		HideSolutionNode = FALSE
	EndGlobalSection
EndGlobal
